
Microsoft Visual Studio Solution File, Format Version 12.00
Project("{FAE04EC0-301F-11D3-BF4B-00C04F79EFBC}") = "StreamControlLite", "StreamControlLite\StreamControlLite.csproj", "{CC17F1B2-66FD-40D7-91D5-CC410E576A1F}"
EndProject
Project("{FAE04EC0-301F-11D3-BF4B-00C04F79EFBC}") = "FtpudStreamFramework", "FtpudStreamFramework\FtpudStreamFramework.csproj", "{183D53F0-7DEE-49F7-9907-5C2B766E3CBB}"
EndProject
Global
	GlobalSection(SolutionConfigurationPlatforms) = preSolution
		Debug|Any CPU = Debug|Any CPU
		Release|Any CPU = Release|Any CPU
	EndGlobalSection
	GlobalSection(ProjectConfigurationPlatforms) = postSolution
		{CC17F1B2-66FD-40D7-91D5-CC410E576A1F}.Debug|Any CPU.ActiveCfg = Debug|Any CPU
		{CC17F1B2-66FD-40D7-91D5-CC410E576A1F}.Debug|Any CPU.Build.0 = Debug|Any CPU
		{CC17F1B2-66FD-40D7-91D5-CC410E576A1F}.Release|Any CPU.ActiveCfg = Release|Any CPU
		{CC17F1B2-66FD-40D7-91D5-CC410E576A1F}.Release|Any CPU.Build.0 = Release|Any CPU
		{183D53F0-7DEE-49F7-9907-5C2B766E3CBB}.Debug|Any CPU.ActiveCfg = Debug|Any CPU
		{183D53F0-7DEE-49F7-9907-5C2B766E3CBB}.Debug|Any CPU.Build.0 = Debug|Any CPU
		{183D53F0-7DEE-49F7-9907-5C2B766E3CBB}.Release|Any CPU.ActiveCfg = Release|Any CPU
		{183D53F0-7DEE-49F7-9907-5C2B766E3CBB}.Release|Any CPU.Build.0 = Release|Any CPU
	EndGlobalSection
EndGlobal
